
Microsoft Visual Studio Solution File, Format Version 12.00
# Visual Studio 15
VisualStudioVersion = 15.0.27102.0
MinimumVisualStudioVersion = 10.0.40219.1
Project("{2150E333-8FDC-42A3-9474-1A3956D46DE8}") = "ArrayProblems", "ArrayProblems", "{C259AA07-B124-4A62-B227-B39DAC674F6B}"
EndProject
Project("{2150E333-8FDC-42A3-9474-1A3956D46DE8}") = "Graph", "Graph", "{6824057E-0F5C-4FC2-B12B-50270C3AB53D}"
EndProject
Project("{2150E333-8FDC-42A3-9474-1A3956D46DE8}") = "LinkedLists", "LinkedLists", "{7964D743-FBB4-4C18-B162-8070337652BC}"
EndProject
Project("{2150E333-8FDC-42A3-9474-1A3956D46DE8}") = "Sorting", "Sorting", "{5B900DF8-AA78-4513-B58E-2BF24FE831E9}"
EndProject
Project("{2150E333-8FDC-42A3-9474-1A3956D46DE8}") = "Search", "Search", "{AD27D7E6-2186-4896-8E4F-008FCAE3B89B}"
EndProject
Project("{2150E333-8FDC-42A3-9474-1A3956D46DE8}") = "Tree", "Tree", "{304306D3-B21F-4D0D-BAFB-851C3DD72C01}"
EndProject
Project("{2150E333-8FDC-42A3-9474-1A3956D46DE8}") = "DP", "DP", "{4CBB5B1C-8339-4626-B1F2-0AB3ED36B570}"
EndProject
Project("{FAE04EC0-301F-11D3-BF4B-00C04F79EFBC}") = "LinkedList", "LinkedList\LinkedList.csproj", "{F37CB2ED-738E-4CF7-A9F1-36FBAB1FC358}"
EndProject
Project("{FAE04EC0-301F-11D3-BF4B-00C04F79EFBC}") = "ArrayProblems", "ArrayProblems\ArrayProblems\ArrayProblems.csproj", "{C6C478FB-E00A-45CD-B695-91DE07BA66C3}"
EndProject
Project("{FAE04EC0-301F-11D3-BF4B-00C04F79EFBC}") = "SortProblems", "Sorting\SortProblems\SortProblems.csproj", "{B59C46B3-C216-4F98-8CE4-CEBB5AF25AE7}"
EndProject
Project("{FAE04EC0-301F-11D3-BF4B-00C04F79EFBC}") = "TreeProblems", "Tree\TreeProblems\TreeProblems.csproj", "{72587B5D-806F-4A1A-8D98-7826FC3F0833}"
EndProject
Project("{FAE04EC0-301F-11D3-BF4B-00C04F79EFBC}") = "GraphProblems", "GraphProblems\GraphProblems.csproj", "{1CB13543-4AC3-4E1A-BB58-3873D7FEEB1E}"
EndProject
Project("{FAE04EC0-301F-11D3-BF4B-00C04F79EFBC}") = "DynamicPrograming", "DynamicPrograming\DynamicPrograming.csproj", "{1A0622DA-A1C6-490D-8809-D8B8AE63D5FE}"
EndProject
Project("{2150E333-8FDC-42A3-9474-1A3956D46DE8}") = "Matrix", "Matrix", "{DB0AD713-F8C9-4524-89AD-877C1448725D}"
EndProject
Project("{FAE04EC0-301F-11D3-BF4B-00C04F79EFBC}") = "MatrixProblems", "Matrix\MatrixProblems\MatrixProblems.csproj", "{D9A4B29E-2F0A-44C7-8E45-246E9F8D0048}"
EndProject
Project("{2150E333-8FDC-42A3-9474-1A3956D46DE8}") = "String", "String", "{8732A2B8-2B0B-4747-98BE-CA4DB1469A5B}"
EndProject
Project("{FAE04EC0-301F-11D3-BF4B-00C04F79EFBC}") = "StringProblems", "StringProblems\StringProblems.csproj", "{F379B1E0-9967-46A4-BBFC-CE5452B013B8}"
EndProject
Global
	GlobalSection(SolutionConfigurationPlatforms) = preSolution
		Debug|Any CPU = Debug|Any CPU
		Release|Any CPU = Release|Any CPU
	EndGlobalSection
	GlobalSection(ProjectConfigurationPlatforms) = postSolution
		{F37CB2ED-738E-4CF7-A9F1-36FBAB1FC358}.Debug|Any CPU.ActiveCfg = Debug|Any CPU
		{F37CB2ED-738E-4CF7-A9F1-36FBAB1FC358}.Debug|Any CPU.Build.0 = Debug|Any CPU
		{F37CB2ED-738E-4CF7-A9F1-36FBAB1FC358}.Release|Any CPU.ActiveCfg = Release|Any CPU
		{F37CB2ED-738E-4CF7-A9F1-36FBAB1FC358}.Release|Any CPU.Build.0 = Release|Any CPU
		{C6C478FB-E00A-45CD-B695-91DE07BA66C3}.Debug|Any CPU.ActiveCfg = Debug|Any CPU
		{C6C478FB-E00A-45CD-B695-91DE07BA66C3}.Debug|Any CPU.Build.0 = Debug|Any CPU
		{C6C478FB-E00A-45CD-B695-91DE07BA66C3}.Release|Any CPU.ActiveCfg = Release|Any CPU
		{C6C478FB-E00A-45CD-B695-91DE07BA66C3}.Release|Any CPU.Build.0 = Release|Any CPU
		{B59C46B3-C216-4F98-8CE4-CEBB5AF25AE7}.Debug|Any CPU.ActiveCfg = Debug|Any CPU
		{B59C46B3-C216-4F98-8CE4-CEBB5AF25AE7}.Debug|Any CPU.Build.0 = Debug|Any CPU
		{B59C46B3-C216-4F98-8CE4-CEBB5AF25AE7}.Release|Any CPU.ActiveCfg = Release|Any CPU
		{B59C46B3-C216-4F98-8CE4-CEBB5AF25AE7}.Release|Any CPU.Build.0 = Release|Any CPU
		{72587B5D-806F-4A1A-8D98-7826FC3F0833}.Debug|Any CPU.ActiveCfg = Debug|Any CPU
		{72587B5D-806F-4A1A-8D98-7826FC3F0833}.Debug|Any CPU.Build.0 = Debug|Any CPU
		{72587B5D-806F-4A1A-8D98-7826FC3F0833}.Release|Any CPU.ActiveCfg = Release|Any CPU
		{72587B5D-806F-4A1A-8D98-7826FC3F0833}.Release|Any CPU.Build.0 = Release|Any CPU
		{1CB13543-4AC3-4E1A-BB58-3873D7FEEB1E}.Debug|Any CPU.ActiveCfg = Debug|Any CPU
		{1CB13543-4AC3-4E1A-BB58-3873D7FEEB1E}.Debug|Any CPU.Build.0 = Debug|Any CPU
		{1CB13543-4AC3-4E1A-BB58-3873D7FEEB1E}.Release|Any CPU.ActiveCfg = Release|Any CPU
		{1CB13543-4AC3-4E1A-BB58-3873D7FEEB1E}.Release|Any CPU.Build.0 = Release|Any CPU
		{1A0622DA-A1C6-490D-8809-D8B8AE63D5FE}.Debug|Any CPU.ActiveCfg = Debug|Any CPU
		{1A0622DA-A1C6-490D-8809-D8B8AE63D5FE}.Debug|Any CPU.Build.0 = Debug|Any CPU
		{1A0622DA-A1C6-490D-8809-D8B8AE63D5FE}.Release|Any CPU.ActiveCfg = Release|Any CPU
		{1A0622DA-A1C6-490D-8809-D8B8AE63D5FE}.Release|Any CPU.Build.0 = Release|Any CPU
		{D9A4B29E-2F0A-44C7-8E45-246E9F8D0048}.Debug|Any CPU.ActiveCfg = Debug|Any CPU
		{D9A4B29E-2F0A-44C7-8E45-246E9F8D0048}.Debug|Any CPU.Build.0 = Debug|Any CPU
		{D9A4B29E-2F0A-44C7-8E45-246E9F8D0048}.Release|Any CPU.ActiveCfg = Release|Any CPU
		{D9A4B29E-2F0A-44C7-8E45-246E9F8D0048}.Release|Any CPU.Build.0 = Release|Any CPU
		{F379B1E0-9967-46A4-BBFC-CE5452B013B8}.Debug|Any CPU.ActiveCfg = Debug|Any CPU
		{F379B1E0-9967-46A4-BBFC-CE5452B013B8}.Debug|Any CPU.Build.0 = Debug|Any CPU
		{F379B1E0-9967-46A4-BBFC-CE5452B013B8}.Release|Any CPU.ActiveCfg = Release|Any CPU
		{F379B1E0-9967-46A4-BBFC-CE5452B013B8}.Release|Any CPU.Build.0 = Release|Any CPU
	EndGlobalSection
	GlobalSection(SolutionProperties) = preSolution
		HideSolutionNode = FALSE
	EndGlobalSection
	GlobalSection(NestedProjects) = preSolution
		{F37CB2ED-738E-4CF7-A9F1-36FBAB1FC358} = {7964D743-FBB4-4C18-B162-8070337652BC}
		{C6C478FB-E00A-45CD-B695-91DE07BA66C3} = {C259AA07-B124-4A62-B227-B39DAC674F6B}
		{B59C46B3-C216-4F98-8CE4-CEBB5AF25AE7} = {5B900DF8-AA78-4513-B58E-2BF24FE831E9}
		{72587B5D-806F-4A1A-8D98-7826FC3F0833} = {304306D3-B21F-4D0D-BAFB-851C3DD72C01}
		{1CB13543-4AC3-4E1A-BB58-3873D7FEEB1E} = {6824057E-0F5C-4FC2-B12B-50270C3AB53D}
		{1A0622DA-A1C6-490D-8809-D8B8AE63D5FE} = {4CBB5B1C-8339-4626-B1F2-0AB3ED36B570}
		{D9A4B29E-2F0A-44C7-8E45-246E9F8D0048} = {DB0AD713-F8C9-4524-89AD-877C1448725D}
		{F379B1E0-9967-46A4-BBFC-CE5452B013B8} = {8732A2B8-2B0B-4747-98BE-CA4DB1469A5B}
	EndGlobalSection
	GlobalSection(ExtensibilityGlobals) = postSolution
		SolutionGuid = {BB8526D9-54BD-4C3C-95BC-915B51238ADD}
	EndGlobalSection
EndGlobal
